// !$*UTF8*$!
{
	archiveVersion = 1;
	classes = {
	};
	objectVersion = 50;
	objects = {

/* Begin PBXBuildFile section */
		64DFEEC92313B7D700C01090 /* AppDelegate.swift in Sources */ = {isa = PBXBuildFile; fileRef = 64DFEEC82313B7D700C01090 /* AppDelegate.swift */; };
		64DFEECB2313B7D700C01090 /* ViewController.swift in Sources */ = {isa = PBXBuildFile; fileRef = 64DFEECA2313B7D700C01090 /* ViewController.swift */; };
		64DFEECE2313B7D700C01090 /* Main.storyboard in Resources */ = {isa = PBXBuildFile; fileRef = 64DFEECC2313B7D700C01090 /* Main.storyboard */; };
		64DFEED02313B7D900C01090 /* Assets.xcassets in Resources */ = {isa = PBXBuildFile; fileRef = 64DFEECF2313B7D900C01090 /* Assets.xcassets */; };
		64DFEED32313B7D900C01090 /* LaunchScreen.storyboard in Resources */ = {isa = PBXBuildFile; fileRef = 64DFEED12313B7D900C01090 /* LaunchScreen.storyboard */; };
		64DFEEDB2313BBF700C01090 /* liquid.bundle in Resources */ = {isa = PBXBuildFile; fileRef = 64DFEEDA2313BBF700C01090 /* liquid.bundle */; };
		64DFEEDD2313BD8D00C01090 /* sampleObject.json in Resources */ = {isa = PBXBuildFile; fileRef = 64DFEEDC2313BD8D00C01090 /* sampleObject.json */; };
		94F551DF3344A1BE1989A432 /* Pods_LiquidCore_SampleApp.framework in Frameworks */ = {isa = PBXBuildFile; fileRef = 6EF51DE2364B1F3DB75F6737 /* Pods_LiquidCore_SampleApp.framework */; };
/* End PBXBuildFile section */

/* Begin PBXFileReference section */
		193EA23320C7E975D83D652F /* Pods-LiquidCore_SampleApp.debug.xcconfig */ = {isa = PBXFileReference; includeInIndex = 1; lastKnownFileType = text.xcconfig; name = "Pods-LiquidCore_SampleApp.debug.xcconfig"; path = "Target Support Files/Pods-LiquidCore_SampleApp/Pods-LiquidCore_SampleApp.debug.xcconfig"; sourceTree = "<group>"; };
		60DE8F19C974FF8B71DC5C47 /* Pods-LiquidCore_SampleApp.release.xcconfig */ = {isa = PBXFileReference; includeInIndex = 1; lastKnownFileType = text.xcconfig; name = "Pods-LiquidCore_SampleApp.release.xcconfig"; path = "Target Support Files/Pods-LiquidCore_SampleApp/Pods-LiquidCore_SampleApp.release.xcconfig"; sourceTree = "<group>"; };
		64DFEEC52313B7D600C01090 /* LiquidCore_SampleApp.app */ = {isa = PBXFileReference; explicitFileType = wrapper.application; includeInIndex = 0; path = LiquidCore_SampleApp.app; sourceTree = BUILT_PRODUCTS_DIR; };
		64DFEEC82313B7D700C01090 /* AppDelegate.swift */ = {isa = PBXFileReference; lastKnownFileType = sourcecode.swift; path = AppDelegate.swift; sourceTree = "<group>"; };
		64DFEECA2313B7D700C01090 /* ViewController.swift */ = {isa = PBXFileReference; lastKnownFileType = sourcecode.swift; path = ViewController.swift; sourceTree = "<group>"; };
		64DFEECD2313B7D700C01090 /* Base */ = {isa = PBXFileReference; lastKnownFileType = file.storyboard; name = Base; path = Base.lproj/Main.storyboard; sourceTree = "<group>"; };
		64DFEECF2313B7D900C01090 /* Assets.xcassets */ = {isa = PBXFileReference; lastKnownFileType = folder.assetcatalog; path = Assets.xcassets; sourceTree = "<group>"; };
		64DFEED22313B7D900C01090 /* Base */ = {isa = PBXFileReference; lastKnownFileType = file.storyboard; name = Base; path = Base.lproj/LaunchScreen.storyboard; sourceTree = "<group>"; };
		64DFEED42313B7D900C01090 /* Info.plist */ = {isa = PBXFileReference; lastKnownFileType = text.plist.xml; path = Info.plist; sourceTree = "<group>"; };
		64DFEEDA2313BBF700C01090 /* liquid.bundle */ = {isa = PBXFileReference; fileEncoding = 4; lastKnownFileType = text; path = liquid.bundle; sourceTree = "<group>"; };
		64DFEEDC2313BD8D00C01090 /* sampleObject.json */ = {isa = PBXFileReference; lastKnownFileType = text.json; path = sampleObject.json; sourceTree = "<group>"; };
		6EF51DE2364B1F3DB75F6737 /* Pods_LiquidCore_SampleApp.framework */ = {isa = PBXFileReference; explicitFileType = wrapper.framework; includeInIndex = 0; path = Pods_LiquidCore_SampleApp.framework; sourceTree = BUILT_PRODUCTS_DIR; };
/* End PBXFileReference section */

/* Begin PBXFrameworksBuildPhase section */
		64DFEEC22313B7D600C01090 /* Frameworks */ = {
			isa = PBXFrameworksBuildPhase;
			buildActionMask = 2147483647;
			files = (
				94F551DF3344A1BE1989A432 /* Pods_LiquidCore_SampleApp.framework in Frameworks */,
			);
			runOnlyForDeploymentPostprocessing = 0;
		};
/* End PBXFrameworksBuildPhase section */

/* Begin PBXGroup section */
		0C20CAE521F6C064BCCF34FE /* Frameworks */ = {
			isa = PBXGroup;
			children = (
				6EF51DE2364B1F3DB75F6737 /* Pods_LiquidCore_SampleApp.framework */,
			);
			name = Frameworks;
			sourceTree = "<group>";
		};
		14797E04E45078E287FC29CB /* Pods */ = {
			isa = PBXGroup;
			children = (
				193EA23320C7E975D83D652F /* Pods-LiquidCore_SampleApp.debug.xcconfig */,
				60DE8F19C974FF8B71DC5C47 /* Pods-LiquidCore_SampleApp.release.xcconfig */,
			);
			path = Pods;
			sourceTree = "<group>";
		};
		64DFEEBC2313B7D600C01090 = {
			isa = PBXGroup;
			children = (
				64DFEEC72313B7D600C01090 /* LiquidCore_SampleApp */,
				64DFEEC62313B7D600C01090 /* Products */,
				14797E04E45078E287FC29CB /* Pods */,
				0C20CAE521F6C064BCCF34FE /* Frameworks */,
			);
			sourceTree = "<group>";
		};
		64DFEEC62313B7D600C01090 /* Products */ = {
			isa = PBXGroup;
			children = (
				64DFEEC52313B7D600C01090 /* LiquidCore_SampleApp.app */,
			);
			name = Products;
			sourceTree = "<group>";
		};
		64DFEEC72313B7D600C01090 /* LiquidCore_SampleApp */ = {
			isa = PBXGroup;
			children = (
				64DFEEDA2313BBF700C01090 /* liquid.bundle */,
				64DFEEC82313B7D700C01090 /* AppDelegate.swift */,
				64DFEECA2313B7D700C01090 /* ViewController.swift */,
				64DFEECC2313B7D700C01090 /* Main.storyboard */,
				64DFEECF2313B7D900C01090 /* Assets.xcassets */,
				64DFEED12313B7D900C01090 /* LaunchScreen.storyboard */,
				64DFEED42313B7D900C01090 /* Info.plist */,
				64DFEEDC2313BD8D00C01090 /* sampleObject.json */,
			);
			path = LiquidCore_SampleApp;
			sourceTree = "<group>";
		};
/* End PBXGroup section */

/* Begin PBXNativeTarget section */
		64DFEEC42313B7D600C01090 /* LiquidCore_SampleApp */ = {
			isa = PBXNativeTarget;
			buildConfigurationList = 64DFEED72313B7D900C01090 /* Build configuration list for PBXNativeTarget "LiquidCore_SampleApp" */;
			buildPhases = (
				1911BCBAF4060B7832C559EA /* [CP] Check Pods Manifest.lock */,
				64DFEEC12313B7D600C01090 /* Sources */,
				64DFEEC22313B7D600C01090 /* Frameworks */,
				64DFEEC32313B7D600C01090 /* Resources */,
				DDF2A8D18938CCFD061EBE08 /* [CP] Embed Pods Frameworks */,
			);
			buildRules = (
			);
			dependencies = (
			);
			name = LiquidCore_SampleApp;
			productName = LiquidCore_SampleApp;
			productReference = 64DFEEC52313B7D600C01090 /* LiquidCore_SampleApp.app */;
			productType = "com.apple.product-type.application";
		};
/* End PBXNativeTarget section */

/* Begin PBXProject section */
		64DFEEBD2313B7D600C01090 /* Project object */ = {
			isa = PBXProject;
			attributes = {
				LastSwiftUpdateCheck = 1030;
				LastUpgradeCheck = 1030;
				ORGANIZATIONNAME = "Umang Kathuria";
				TargetAttributes = {
					64DFEEC42313B7D600C01090 = {
						CreatedOnToolsVersion = 10.3;
					};
				};
			};
			buildConfigurationList = 64DFEEC02313B7D600C01090 /* Build configuration list for PBXProject "LiquidCore_SampleApp" */;
			compatibilityVersion = "Xcode 9.3";
			developmentRegion = en;
			hasScannedForEncodings = 0;
			knownRegions = (
				en,
				Base,
			);
			mainGroup = 64DFEEBC2313B7D600C01090;
			productRefGroup = 64DFEEC62313B7D600C01090 /* Products */;
			projectDirPath = "";
			projectRoot = "";
			targets = (
				64DFEEC42313B7D600C01090 /* LiquidCore_SampleApp */,
			);
		};
/* End PBXProject section */

/* Begin PBXResourcesBuildPhase section */
		64DFEEC32313B7D600C01090 /* Resources */ = {
			isa = PBXResourcesBuildPhase;
			buildActionMask = 2147483647;
			files = (
				64DFEED32313B7D900C01090 /* LaunchScreen.storyboard in Resources */,
				64DFEEDD2313BD8D00C01090 /* sampleObject.json in Resources */,
				64DFEEDB2313BBF700C01090 /* liquid.bundle in Resources */,
				64DFEED02313B7D900C01090 /* Assets.xcassets in Resources */,
				64DFEECE2313B7D700C01090 /* Main.storyboard in Resources */,
			);
			runOnlyForDeploymentPostprocessing = 0;
		};
/* End PBXResourcesBuildPhase section */

/* Begin PBXShellScriptBuildPhase section */
		1911BCBAF4060B7832C559EA /* [CP] Check Pods Manifest.lock */ = {
			isa = PBXShellScriptBuildPhase;
			buildActionMask = 2147483647;
			files = (
			);
			inputFileListPaths = (
			);
			inputPaths = (
				"${PODS_PODFILE_DIR_PATH}/Podfile.lock",
				"${PODS_ROOT}/Manifest.lock",
			);
			name = "[CP] Check Pods Manifest.lock";
			outputFileListPaths = (
			);
			outputPaths = (
				"$(DERIVED_FILE_DIR)/Pods-LiquidCore_SampleApp-checkManifestLockResult.txt",
			);
			runOnlyForDeploymentPostprocessing = 0;
			shellPath = /bin/sh;
			shellScript = "diff \"${PODS_PODFILE_DIR_PATH}/Podfile.lock\" \"${PODS_ROOT}/Manifest.lock\" > /dev/null\nif [ $? != 0 ] ; then\n    # print error to STDERR\n    echo \"error: The sandbox is not in sync with the Podfile.lock. Run 'pod install' or update your CocoaPods installation.\" >&2\n    exit 1\nfi\n# This output is used by Xcode 'outputs' to avoid re-running this script phase.\necho \"SUCCESS\" > \"${SCRIPT_OUTPUT_FILE_0}\"\n";
			showEnvVarsInLog = 0;
		};
		DDF2A8D18938CCFD061EBE08 /* [CP] Embed Pods Frameworks */ = {
			isa = PBXShellScriptBuildPhase;
			buildActionMask = 2147483647;
			files = (
			);
			inputFileListPaths = (
			);
			inputPaths = (
				"${PODS_ROOT}/Target Support Files/Pods-LiquidCore_SampleApp/Pods-LiquidCore_SampleApp-frameworks.sh",
				"${BUILT_PRODUCTS_DIR}/LiquidCore/LiquidCore.framework",
			);
			name = "[CP] Embed Pods Frameworks";
			outputFileListPaths = (
			);
			outputPaths = (
				"${TARGET_BUILD_DIR}/${FRAMEWORKS_FOLDER_PATH}/LiquidCore.framework",
			);
			runOnlyForDeploymentPostprocessing = 0;
			shellPath = /bin/sh;
			shellScript = "\"${PODS_ROOT}/Target Support Files/Pods-LiquidCore_SampleApp/Pods-LiquidCore_SampleApp-frameworks.sh\"\n";
			showEnvVarsInLog = 0;
		};
/* End PBXShellScriptBuildPhase section */

/* Begin PBXSourcesBuildPhase section */
		64DFEEC12313B7D600C01090 /* Sources */ = {
			isa = PBXSourcesBuildPhase;
			buildActionMask = 2147483647;
			files = (
				64DFEECB2313B7D700C01090 /* ViewController.swift in Sources */,
				64DFEEC92313B7D700C01090 /* AppDelegate.swift in Sources */,
			);
			runOnlyForDeploymentPostprocessing = 0;
		};
/* End PBXSourcesBuildPhase section */

/* Begin PBXVariantGroup section */
		64DFEECC2313B7D700C01090 /* Main.storyboard */ = {
			isa = PBXVariantGroup;
			children = (
				64DFEECD2313B7D700C01090 /* Base */,
			);
			name = Main.storyboard;
			sourceTree = "<group>";
		};
		64DFEED12313B7D900C01090 /* LaunchScreen.storyboard */ = {
			isa = PBXVariantGroup;
			children = (
				64DFEED22313B7D900C01090 /* Base */,
			);
			name = LaunchScreen.storyboard;
			sourceTree = "<group>";
		};
/* End PBXVariantGroup section */

/* Begin XCBuildConfiguration section */
		64DFEED52313B7D900C01090 /* Debug */ = {
			isa = XCBuildConfiguration;
			buildSettings = {
				ALWAYS_SEARCH_USER_PATHS = NO;
				CLANG_ANALYZER_NONNULL = YES;
				CLANG_ANALYZER_NUMBER_OBJECT_CONVERSION = YES_AGGRESSIVE;
				CLANG_CXX_LANGUAGE_STANDARD = "gnu++14";
				CLANG_CXX_LIBRARY = "libc++";
				CLANG_ENABLE_MODULES = YES;
				CLANG_ENABLE_OBJC_ARC = YES;
				CLANG_ENABLE_OBJC_WEAK = YES;
				CLANG_WARN_BLOCK_CAPTURE_AUTORELEASING = YES;
				CLANG_WARN_BOOL_CONVERSION = YES;
				CLANG_WARN_COMMA = YES;
				CLANG_WARN_CONSTANT_CONVERSION = YES;
				CLANG_WARN_DEPRECATED_OBJC_IMPLEMENTATIONS = YES;
				CLANG_WARN_DIRECT_OBJC_ISA_USAGE = YES_ERROR;
				CLANG_WARN_DOCUMENTATION_COMMENTS = YES;
				CLANG_WARN_EMPTY_BODY = YES;
				CLANG_WARN_ENUM_CONVERSION = YES;
				CLANG_WARN_INFINITE_RECURSION = YES;
				CLANG_WARN_INT_CONVERSION = YES;
				CLANG_WARN_NON_LITERAL_NULL_CONVERSION = YES;
				CLANG_WARN_OBJC_IMPLICIT_RETAIN_SELF = YES;
				CLANG_WARN_OBJC_LITERAL_CONVERSION = YES;
				CLANG_WARN_OBJC_ROOT_CLASS = YES_ERROR;
				CLANG_WARN_RANGE_LOOP_ANALYSIS = YES;
				CLANG_WARN_STRICT_PROTOTYPES = YES;
				CLANG_WARN_SUSPICIOUS_MOVE = YES;
				CLANG_WARN_UNGUARDED_AVAILABILITY = YES_AGGRESSIVE;
				CLANG_WARN_UNREACHABLE_CODE = YES;
				CLANG_WARN__DUPLICATE_METHOD_MATCH = YES;
				CODE_SIGN_IDENTITY = "iPhone Developer";
				COPY_PHASE_STRIP = NO;
				DEBUG_INFORMATION_FORMAT = dwarf;
				ENABLE_STRICT_OBJC_MSGSEND = YES;
				ENABLE_TESTABILITY = YES;
				GCC_C_LANGUAGE_STANDARD = gnu11;
				GCC_DYNAMIC_NO_PIC = NO;
				GCC_NO_COMMON_BLOCKS = YES;
				GCC_OPTIMIZATION_LEVEL = 0;
				GCC_PREPROCESSOR_DEFINITIONS = (
					"DEBUG=1",
					"$(inherited)",
				);
				GCC_WARN_64_TO_32_BIT_CONVERSION = YES;
				GCC_WARN_ABOUT_RETURN_TYPE = YES_ERROR;
				GCC_WARN_UNDECLARED_SELECTOR = YES;
				GCC_WARN_UNINITIALIZED_AUTOS = YES_AGGRESSIVE;
				GCC_WARN_UNUSED_FUNCTION = YES;
				GCC_WARN_UNUSED_VARIABLE = YES;
				IPHONEOS_DEPLOYMENT_TARGET = 12.4;
				MTL_ENABLE_DEBUG_INFO = INCLUDE_SOURCE;
				MTL_FAST_MATH = YES;
				ONLY_ACTIVE_ARCH = YES;
				SDKROOT = iphoneos;
				SWIFT_ACTIVE_COMPILATION_CONDITIONS = DEBUG;
				SWIFT_OPTIMIZATION_LEVEL = "-Onone";
			};
			name = Debug;
		};
		64DFEED62313B7D900C01090 /* Release */ = {
			isa = XCBuildConfiguration;
			buildSettings = {
				ALWAYS_SEARCH_USER_PATHS = NO;
				CLANG_ANALYZER_NONNULL = YES;
				CLANG_ANALYZER_NUMBER_OBJECT_CONVERSION = YES_AGGRESSIVE;
				CLANG_CXX_LANGUAGE_STANDARD = "gnu++14";
				CLANG_CXX_LIBRARY = "libc++";
				CLANG_ENABLE_MODULES = YES;
				CLANG_ENABLE_OBJC_ARC = YES;
				CLANG_ENABLE_OBJC_WEAK = YES;
				CLANG_WARN_BLOCK_CAPTURE_AUTORELEASING = YES;
				CLANG_WARN_BOOL_CONVERSION = YES;
				CLANG_WARN_COMMA = YES;
				CLANG_WARN_CONSTANT_CONVERSION = YES;
				CLANG_WARN_DEPRECATED_OBJC_IMPLEMENTATIONS = YES;
				CLANG_WARN_DIRECT_OBJC_ISA_USAGE = YES_ERROR;
				CLANG_WARN_DOCUMENTATION_COMMENTS = YES;
				CLANG_WARN_EMPTY_BODY = YES;
				CLANG_WARN_ENUM_CONVERSION = YES;
				CLANG_WARN_INFINITE_RECURSION = YES;
				CLANG_WARN_INT_CONVERSION = YES;
				CLANG_WARN_NON_LITERAL_NULL_CONVERSION = YES;
				CLANG_WARN_OBJC_IMPLICIT_RETAIN_SELF = YES;
				CLANG_WARN_OBJC_LITERAL_CONVERSION = YES;
				CLANG_WARN_OBJC_ROOT_CLASS = YES_ERROR;
				CLANG_WARN_RANGE_LOOP_ANALYSIS = YES;
				CLANG_WARN_STRICT_PROTOTYPES = YES;
				CLANG_WARN_SUSPICIOUS_MOVE = YES;
				CLANG_WARN_UNGUARDED_AVAILABILITY = YES_AGGRESSIVE;
				CLANG_WARN_UNREACHABLE_CODE = YES;
				CLANG_WARN__DUPLICATE_METHOD_MATCH = YES;
				CODE_SIGN_IDENTITY = "iPhone Developer";
				COPY_PHASE_STRIP = NO;
				DEBUG_INFORMATION_FORMAT = "dwarf-with-dsym";
				ENABLE_NS_ASSERTIONS = NO;
				ENABLE_STRICT_OBJC_MSGSEND = YES;
				GCC_C_LANGUAGE_STANDARD = gnu11;
				GCC_NO_COMMON_BLOCKS = YES;
				GCC_WARN_64_TO_32_BIT_CONVERSION = YES;
				GCC_WARN_ABOUT_RETURN_TYPE = YES_ERROR;
				GCC_WARN_UNDECLARED_SELECTOR = YES;
				GCC_WARN_UNINITIALIZED_AUTOS = YES_AGGRESSIVE;
				GCC_WARN_UNUSED_FUNCTION = YES;
				GCC_WARN_UNUSED_VARIABLE = YES;
				IPHONEOS_DEPLOYMENT_TARGET = 12.4;
				MTL_ENABLE_DEBUG_INFO = NO;
				MTL_FAST_MATH = YES;
				SDKROOT = iphoneos;
				SWIFT_COMPILATION_MODE = wholemodule;
				SWIFT_OPTIMIZATION_LEVEL = "-O";
				VALIDATE_PRODUCT = YES;
			};
			name = Release;
		};
		64DFEED82313B7D900C01090 /* Debug */ = {
			isa = XCBuildConfiguration;
			baseConfigurationReference = 193EA23320C7E975D83D652F /* Pods-LiquidCore_SampleApp.debug.xcconfig */;
			buildSettings = {
				ASSETCATALOG_COMPILER_APPICON_NAME = AppIcon;
				CODE_SIGN_STYLE = Automatic;
				DEVELOPMENT_TEAM = XJ5CY9PAX8;
				INFOPLIST_FILE = LiquidCore_SampleApp/Info.plist;
				IPHONEOS_DEPLOYMENT_TARGET = 11.0;
				LD_RUNPATH_SEARCH_PATHS = (
					"$(inherited)",
					"@executable_path/Frameworks",
				);
				PRODUCT_BUNDLE_IDENTIFIER = "com.umangkathuriaapps.LiquidCore-SampleApp";
				PRODUCT_NAME = "$(TARGET_NAME)";
				SWIFT_VERSION = 5.0;
				TARGETED_DEVICE_FAMILY = "1,2";
			};
			name = Debug;
		};
		64DFEED92313B7D900C01090 /* Release */ = {
			isa = XCBuildConfiguration;
			baseConfigurationReference = 60DE8F19C974FF8B71DC5C47 /* Pods-LiquidCore_SampleApp.release.xcconfig */;
			buildSettings = {
				ASSETCATALOG_COMPILER_APPICON_NAME = AppIcon;
				CODE_SIGN_STYLE = Automatic;
				DEVELOPMENT_TEAM = XJ5CY9PAX8;
				INFOPLIST_FILE = LiquidCore_SampleApp/Info.plist;
				IPHONEOS_DEPLOYMENT_TARGET = 11.0;
				LD_RUNPATH_SEARCH_PATHS = (
					"$(inherited)",
					"@executable_path/Frameworks",
				);
				PRODUCT_BUNDLE_IDENTIFIER = "com.umangkathuriaapps.LiquidCore-SampleApp";
				PRODUCT_NAME = "$(TARGET_NAME)";
				SWIFT_VERSION = 5.0;
				TARGETED_DEVICE_FAMILY = "1,2";
			};
			name = Release;
		};
/* End XCBuildConfiguration section */

/* Begin XCConfigurationList section */
		64DFEEC02313B7D600C01090 /* Build configuration list for PBXProject "LiquidCore_SampleApp" */ = {
			isa = XCConfigurationList;
			buildConfigurations = (
				64DFEED52313B7D900C01090 /* Debug */,
				64DFEED62313B7D900C01090 /* Release */,
			);
			defaultConfigurationIsVisible = 0;
			defaultConfigurationName = Release;
		};
		64DFEED72313B7D900C01090 /* Build configuration list for PBXNativeTarget "LiquidCore_SampleApp" */ = {
			isa = XCConfigurationList;
			buildConfigurations = (
				64DFEED82313B7D900C01090 /* Debug */,
				64DFEED92313B7D900C01090 /* Release */,
			);
			defaultConfigurationIsVisible = 0;
			defaultConfigurationName = Release;
		};
/* End XCConfigurationList section */
	};
	rootObject = 64DFEEBD2313B7D600C01090 /* Project object */;
}
